// !$*UTF8*$!
{
	archiveVersion = 1;
	classes = {
	};
	objectVersion = 56;
	objects = {

/* Begin PBXBuildFile section */
		A1000003000000000000001 /* Deep_MineApp.swift in Sources */ = {isa = PBXBuildFile; fileRef = B1000003000000000000001 /* Deep_MineApp.swift */; };
		A1000003000000000000002 /* ContentView.swift in Sources */ = {isa = PBXBuildFile; fileRef = B1000003000000000000002 /* ContentView.swift */; };
		A1000003000000000000003 /* RootTabView.swift in Sources */ = {isa = PBXBuildFile; fileRef = B1000003000000000000003 /* RootTabView.swift */; };
		A1000003000000000000004 /* Theme.swift in Sources */ = {isa = PBXBuildFile; fileRef = B1000003000000000000004 /* Theme.swift */; };
		A1000003000000000000005 /* Shapes.swift in Sources */ = {isa = PBXBuildFile; fileRef = B1000003000000000000005 /* Shapes.swift */; };
		A1000003000000000000006 /* Formatter.swift in Sources */ = {isa = PBXBuildFile; fileRef = B1000003000000000000006 /* Formatter.swift */; };
		A1000003000000000000007 /* GameModel.swift in Sources */ = {isa = PBXBuildFile; fileRef = B1000003000000000000007 /* GameModel.swift */; };
		A1000003000000000000008 /* Achievements.swift in Sources */ = {isa = PBXBuildFile; fileRef = B1000003000000000000008 /* Achievements.swift */; };
		A1000003000000000000009 /* Store.swift in Sources */ = {isa = PBXBuildFile; fileRef = B1000003000000000000009 /* Store.swift */; };
		A1000003000000000000010 /* MineView.swift in Sources */ = {isa = PBXBuildFile; fileRef = B1000003000000000000010 /* MineView.swift */; };
		A1000003000000000000011 /* UpgradesView.swift in Sources */ = {isa = PBXBuildFile; fileRef = B1000003000000000000011 /* UpgradesView.swift */; };
		A1000003000000000000012 /* CollapseView.swift in Sources */ = {isa = PBXBuildFile; fileRef = B1000003000000000000012 /* CollapseView.swift */; };
		A1000003000000000000013 /* AwardsView.swift in Sources */ = {isa = PBXBuildFile; fileRef = B1000003000000000000013 /* AwardsView.swift */; };
		A1000003000000000000014 /* MoreView.swift in Sources */ = {isa = PBXBuildFile; fileRef = B1000003000000000000014 /* MoreView.swift */; };
		A1000003000000000000015 /* HowToPlayView.swift in Sources */ = {isa = PBXBuildFile; fileRef = B1000003000000000000015 /* HowToPlayView.swift */; };
		A1000003000000000000016 /* WebPanel.swift in Sources */ = {isa = PBXBuildFile; fileRef = B1000003000000000000016 /* WebPanel.swift */; };
		A1000003000000000000017 /* LoadingScreen.swift in Sources */ = {isa = PBXBuildFile; fileRef = B1000003000000000000017 /* LoadingScreen.swift */; };
		A1000003000000000000018 /* Assets.xcassets in Resources */ = {isa = PBXBuildFile; fileRef = B1000003000000000000018 /* Assets.xcassets */; };
		A1000003000000000000020 /* Systems.swift in Sources */ = {isa = PBXBuildFile; fileRef = B1000003000000000000020 /* Systems.swift */; };
		A1000003000000000000021 /* SmelterView.swift in Sources */ = {isa = PBXBuildFile; fileRef = B1000003000000000000021 /* SmelterView.swift */; };
		A1000003000000000000022 /* ResearchView.swift in Sources */ = {isa = PBXBuildFile; fileRef = B1000003000000000000022 /* ResearchView.swift */; };
		A1000003000000000000023 /* CoresView.swift in Sources */ = {isa = PBXBuildFile; fileRef = B1000003000000000000023 /* CoresView.swift */; };
		A1000003000000000000024 /* MasteryView.swift in Sources */ = {isa = PBXBuildFile; fileRef = B1000003000000000000024 /* MasteryView.swift */; };
/* End PBXBuildFile section */

/* Begin PBXFileReference section */
		B1000003000000000000001 /* Deep_MineApp.swift */ = {isa = PBXFileReference; lastKnownFileType = sourcecode.swift; path = Deep_MineApp.swift; sourceTree = "<group>"; };
		B1000003000000000000002 /* ContentView.swift */ = {isa = PBXFileReference; lastKnownFileType = sourcecode.swift; path = ContentView.swift; sourceTree = "<group>"; };
		B1000003000000000000003 /* RootTabView.swift */ = {isa = PBXFileReference; lastKnownFileType = sourcecode.swift; path = RootTabView.swift; sourceTree = "<group>"; };
		B1000003000000000000004 /* Theme.swift */ = {isa = PBXFileReference; lastKnownFileType = sourcecode.swift; path = Theme.swift; sourceTree = "<group>"; };
		B1000003000000000000005 /* Shapes.swift */ = {isa = PBXFileReference; lastKnownFileType = sourcecode.swift; path = Shapes.swift; sourceTree = "<group>"; };
		B1000003000000000000006 /* Formatter.swift */ = {isa = PBXFileReference; lastKnownFileType = sourcecode.swift; path = Formatter.swift; sourceTree = "<group>"; };
		B1000003000000000000007 /* GameModel.swift */ = {isa = PBXFileReference; lastKnownFileType = sourcecode.swift; path = GameModel.swift; sourceTree = "<group>"; };
		B1000003000000000000008 /* Achievements.swift */ = {isa = PBXFileReference; lastKnownFileType = sourcecode.swift; path = Achievements.swift; sourceTree = "<group>"; };
		B1000003000000000000009 /* Store.swift */ = {isa = PBXFileReference; lastKnownFileType = sourcecode.swift; path = Store.swift; sourceTree = "<group>"; };
		B1000003000000000000010 /* MineView.swift */ = {isa = PBXFileReference; lastKnownFileType = sourcecode.swift; path = MineView.swift; sourceTree = "<group>"; };
		B1000003000000000000011 /* UpgradesView.swift */ = {isa = PBXFileReference; lastKnownFileType = sourcecode.swift; path = UpgradesView.swift; sourceTree = "<group>"; };
		B1000003000000000000012 /* CollapseView.swift */ = {isa = PBXFileReference; lastKnownFileType = sourcecode.swift; path = CollapseView.swift; sourceTree = "<group>"; };
		B1000003000000000000013 /* AwardsView.swift */ = {isa = PBXFileReference; lastKnownFileType = sourcecode.swift; path = AwardsView.swift; sourceTree = "<group>"; };
		B1000003000000000000014 /* MoreView.swift */ = {isa = PBXFileReference; lastKnownFileType = sourcecode.swift; path = MoreView.swift; sourceTree = "<group>"; };
		B1000003000000000000015 /* HowToPlayView.swift */ = {isa = PBXFileReference; lastKnownFileType = sourcecode.swift; path = HowToPlayView.swift; sourceTree = "<group>"; };
		B1000003000000000000016 /* WebPanel.swift */ = {isa = PBXFileReference; lastKnownFileType = sourcecode.swift; path = WebPanel.swift; sourceTree = "<group>"; };
		B1000003000000000000017 /* LoadingScreen.swift */ = {isa = PBXFileReference; lastKnownFileType = sourcecode.swift; path = LoadingScreen.swift; sourceTree = "<group>"; };
		B1000003000000000000018 /* Assets.xcassets */ = {isa = PBXFileReference; lastKnownFileType = folder.assetcatalog; path = Assets.xcassets; sourceTree = "<group>"; };
		B1000003000000000000019 /* Info.plist */ = {isa = PBXFileReference; lastKnownFileType = text.plist.xml; path = Info.plist; sourceTree = "<group>"; };
		B1000003000000000000020 /* Systems.swift */ = {isa = PBXFileReference; lastKnownFileType = sourcecode.swift; path = Systems.swift; sourceTree = "<group>"; };
		B1000003000000000000021 /* SmelterView.swift */ = {isa = PBXFileReference; lastKnownFileType = sourcecode.swift; path = SmelterView.swift; sourceTree = "<group>"; };
		B1000003000000000000022 /* ResearchView.swift */ = {isa = PBXFileReference; lastKnownFileType = sourcecode.swift; path = ResearchView.swift; sourceTree = "<group>"; };
		B1000003000000000000023 /* CoresView.swift */ = {isa = PBXFileReference; lastKnownFileType = sourcecode.swift; path = CoresView.swift; sourceTree = "<group>"; };
		B1000003000000000000024 /* MasteryView.swift */ = {isa = PBXFileReference; lastKnownFileType = sourcecode.swift; path = MasteryView.swift; sourceTree = "<group>"; };
		C1000003000000000000001 /* Tycoon Deep Mine.app */ = {isa = PBXFileReference; explicitFileType = wrapper.application; includeInIndex = 0; path = "Tycoon Deep Mine.app"; sourceTree = BUILT_PRODUCTS_DIR; };
/* End PBXFileReference section */

/* Begin PBXFrameworksBuildPhase section */
		D1000003000000000000001 /* Frameworks */ = {
			isa = PBXFrameworksBuildPhase;
			buildActionMask = 2147483647;
			files = (
			);
			runOnlyForDeploymentPostprocessing = 0;
		};
/* End PBXFrameworksBuildPhase section */

/* Begin PBXGroup section */
		E1000003000000000000001 = {
			isa = PBXGroup;
			children = (
				E1000003000000000000002 /* Tycoon Deep Mine */,
				E1000003000000000000003 /* Products */,
			);
			sourceTree = "<group>";
		};
		E1000003000000000000002 /* Tycoon Deep Mine */ = {
			isa = PBXGroup;
			children = (
				B1000003000000000000001 /* Deep_MineApp.swift */,
				B1000003000000000000002 /* ContentView.swift */,
				B1000003000000000000003 /* RootTabView.swift */,
				B1000003000000000000004 /* Theme.swift */,
				B1000003000000000000005 /* Shapes.swift */,
				B1000003000000000000006 /* Formatter.swift */,
				B1000003000000000000007 /* GameModel.swift */,
				B1000003000000000000008 /* Achievements.swift */,
				B1000003000000000000009 /* Store.swift */,
				B1000003000000000000010 /* MineView.swift */,
				B1000003000000000000011 /* UpgradesView.swift */,
				B1000003000000000000012 /* CollapseView.swift */,
				B1000003000000000000013 /* AwardsView.swift */,
				B1000003000000000000014 /* MoreView.swift */,
				B1000003000000000000015 /* HowToPlayView.swift */,
				B1000003000000000000016 /* WebPanel.swift */,
				B1000003000000000000017 /* LoadingScreen.swift */,
				B1000003000000000000020 /* Systems.swift */,
				B1000003000000000000021 /* SmelterView.swift */,
				B1000003000000000000022 /* ResearchView.swift */,
				B1000003000000000000023 /* CoresView.swift */,
				B1000003000000000000024 /* MasteryView.swift */,
				B1000003000000000000018 /* Assets.xcassets */,
				B1000003000000000000019 /* Info.plist */,
			);
			path = "Tycoon Deep Mine";
			sourceTree = "<group>";
		};
		E1000003000000000000003 /* Products */ = {
			isa = PBXGroup;
			children = (
				C1000003000000000000001 /* Tycoon Deep Mine.app */,
			);
			name = Products;
			sourceTree = "<group>";
		};
/* End PBXGroup section */

/* Begin PBXNativeTarget section */
		F1000003000000000000001 /* Tycoon Deep Mine */ = {
			isa = PBXNativeTarget;
			buildConfigurationList = 11000003000000000000001 /* Build configuration list for PBXNativeTarget "Tycoon Deep Mine" */;
			buildPhases = (
				G1000003000000000000001 /* Sources */,
				D1000003000000000000001 /* Frameworks */,
				H1000003000000000000001 /* Resources */,
			);
			buildRules = (
			);
			dependencies = (
			);
			name = "Tycoon Deep Mine";
			productName = "Tycoon Deep Mine";
			productReference = C1000003000000000000001 /* Tycoon Deep Mine.app */;
			productType = "com.apple.product-type.application";
		};
/* End PBXNativeTarget section */

/* Begin PBXProject section */
		I1000003000000000000001 /* Project object */ = {
			isa = PBXProject;
			attributes = {
				BuildIndependentTargetsInParallel = 1;
				LastSwiftUpdateCheck = 1500;
				LastUpgradeCheck = 1500;
				TargetAttributes = {
					F1000003000000000000001 = {
						CreatedOnToolsVersion = 15.0;
					};
				};
			};
			buildConfigurationList = J1000003000000000000001 /* Build configuration list for PBXProject "Tycoon Deep Mine" */;
			compatibilityVersion = "Xcode 14.0";
			developmentRegion = en;
			hasScannedForEncodings = 0;
			knownRegions = (
				en,
				Base,
			);
			mainGroup = E1000003000000000000001;
			productRefGroup = E1000003000000000000003 /* Products */;
			projectDirPath = "";
			projectRoot = "";
			targets = (
				F1000003000000000000001 /* Tycoon Deep Mine */,
			);
		};
/* End PBXProject section */

/* Begin PBXResourcesBuildPhase section */
		H1000003000000000000001 /* Resources */ = {
			isa = PBXResourcesBuildPhase;
			buildActionMask = 2147483647;
			files = (
				A1000003000000000000018 /* Assets.xcassets in Resources */,
			);
			runOnlyForDeploymentPostprocessing = 0;
		};
/* End PBXResourcesBuildPhase section */

/* Begin PBXSourcesBuildPhase section */
		G1000003000000000000001 /* Sources */ = {
			isa = PBXSourcesBuildPhase;
			buildActionMask = 2147483647;
			files = (
				A1000003000000000000001 /* Deep_MineApp.swift in Sources */,
				A1000003000000000000002 /* ContentView.swift in Sources */,
				A1000003000000000000003 /* RootTabView.swift in Sources */,
				A1000003000000000000004 /* Theme.swift in Sources */,
				A1000003000000000000005 /* Shapes.swift in Sources */,
				A1000003000000000000006 /* Formatter.swift in Sources */,
				A1000003000000000000007 /* GameModel.swift in Sources */,
				A1000003000000000000008 /* Achievements.swift in Sources */,
				A1000003000000000000009 /* Store.swift in Sources */,
				A1000003000000000000010 /* MineView.swift in Sources */,
				A1000003000000000000011 /* UpgradesView.swift in Sources */,
				A1000003000000000000012 /* CollapseView.swift in Sources */,
				A1000003000000000000013 /* AwardsView.swift in Sources */,
				A1000003000000000000014 /* MoreView.swift in Sources */,
				A1000003000000000000015 /* HowToPlayView.swift in Sources */,
				A1000003000000000000016 /* WebPanel.swift in Sources */,
				A1000003000000000000017 /* LoadingScreen.swift in Sources */,
				A1000003000000000000020 /* Systems.swift in Sources */,
				A1000003000000000000021 /* SmelterView.swift in Sources */,
				A1000003000000000000022 /* ResearchView.swift in Sources */,
				A1000003000000000000023 /* CoresView.swift in Sources */,
				A1000003000000000000024 /* MasteryView.swift in Sources */,
			);
			runOnlyForDeploymentPostprocessing = 0;
		};
/* End PBXSourcesBuildPhase section */

/* Begin XCBuildConfiguration section */
		K1000003000000000000001 /* Debug */ = {
			isa = XCBuildConfiguration;
			buildSettings = {
				ALWAYS_SEARCH_USER_PATHS = NO;
				CLANG_ANALYZER_NONNULL = YES;
				CLANG_ANALYZER_NUMBER_OBJECT_CONVERSION = YES_AGGRESSIVE;
				CLANG_CXX_LANGUAGE_STANDARD = "gnu++20";
				CLANG_ENABLE_MODULES = YES;
				CLANG_ENABLE_OBJC_ARC = YES;
				CLANG_ENABLE_OBJC_WEAK = YES;
				CLANG_WARN_BLOCK_CAPTURE_AUTORELEASING = YES;
				CLANG_WARN_BOOL_CONVERSION = YES;
				CLANG_WARN_COMMA = YES;
				CLANG_WARN_CONSTANT_CONVERSION = YES;
				CLANG_WARN_DEPRECATED_OBJC_IMPLEMENTATIONS = YES;
				CLANG_WARN_DIRECT_OBJC_ISA_USAGE = YES_ERROR;
				CLANG_WARN_DOCUMENTATION_COMMENTS = YES;
				CLANG_WARN_EMPTY_BODY = YES;
				CLANG_WARN_ENUM_CONVERSION = YES;
				CLANG_WARN_INFINITE_RECURSION = YES;
				CLANG_WARN_INT_CONVERSION = YES;
				CLANG_WARN_NON_LITERAL_NULL_CONVERSION = YES;
				CLANG_WARN_OBJC_IMPLICIT_RETAIN_SELF = YES;
				CLANG_WARN_OBJC_LITERAL_CONVERSION = YES;
				CLANG_WARN_OBJC_ROOT_CLASS = YES_ERROR;
				CLANG_WARN_QUOTED_INCLUDE_IN_FRAMEWORK_HEADER = YES;
				CLANG_WARN_RANGE_LOOP_ANALYSIS = YES;
				CLANG_WARN_STRICT_PROTOTYPES = YES;
				CLANG_WARN_SUSPICIOUS_MOVE = YES;
				CLANG_WARN_UNGUARDED_AVAILABILITY = YES_AGGRESSIVE;
				CLANG_WARN_UNREACHABLE_CODE = YES;
				CLANG_WARN__DUPLICATE_METHOD_MATCH = YES;
				COPY_PHASE_STRIP = NO;
				DEBUG_INFORMATION_FORMAT = dwarf;
				ENABLE_STRICT_OBJC_MSGSEND = YES;
				ENABLE_TESTABILITY = YES;
				GCC_C_LANGUAGE_STANDARD = gnu17;
				GCC_DYNAMIC_NO_PIC = NO;
				GCC_NO_COMMON_BLOCKS = YES;
				GCC_OPTIMIZATION_LEVEL = 0;
				GCC_PREPROCESSOR_DEFINITIONS = (
					"DEBUG=1",
					"$(inherited)",
				);
				GCC_WARN_64_TO_32_BIT_CONVERSION = YES;
				GCC_WARN_ABOUT_RETURN_TYPE = YES_ERROR;
				GCC_WARN_UNDECLARED_SELECTOR = YES;
				GCC_WARN_UNINITIALIZED_AUTOS = YES_AGGRESSIVE;
				GCC_WARN_UNUSED_FUNCTION = YES;
				GCC_WARN_UNUSED_VARIABLE = YES;
				IPHONEOS_DEPLOYMENT_TARGET = 15.6;
				MTL_ENABLE_DEBUG_INFO = INCLUDE_SOURCE;
				MTL_FAST_MATH = YES;
				ONLY_ACTIVE_ARCH = YES;
				SDKROOT = iphoneos;
				SWIFT_ACTIVE_COMPILATION_CONDITIONS = DEBUG;
				SWIFT_OPTIMIZATION_LEVEL = "-Onone";
			};
			name = Debug;
		};
		K1000003000000000000002 /* Release */ = {
			isa = XCBuildConfiguration;
			buildSettings = {
				ALWAYS_SEARCH_USER_PATHS = NO;
				CLANG_ANALYZER_NONNULL = YES;
				CLANG_ANALYZER_NUMBER_OBJECT_CONVERSION = YES_AGGRESSIVE;
				CLANG_CXX_LANGUAGE_STANDARD = "gnu++20";
				CLANG_ENABLE_MODULES = YES;
				CLANG_ENABLE_OBJC_ARC = YES;
				CLANG_ENABLE_OBJC_WEAK = YES;
				CLANG_WARN_BLOCK_CAPTURE_AUTORELEASING = YES;
				CLANG_WARN_BOOL_CONVERSION = YES;
				CLANG_WARN_COMMA = YES;
				CLANG_WARN_CONSTANT_CONVERSION = YES;
				CLANG_WARN_DEPRECATED_OBJC_IMPLEMENTATIONS = YES;
				CLANG_WARN_DIRECT_OBJC_ISA_USAGE = YES_ERROR;
				CLANG_WARN_DOCUMENTATION_COMMENTS = YES;
				CLANG_WARN_EMPTY_BODY = YES;
				CLANG_WARN_ENUM_CONVERSION = YES;
				CLANG_WARN_INFINITE_RECURSION = YES;
				CLANG_WARN_INT_CONVERSION = YES;
				CLANG_WARN_NON_LITERAL_NULL_CONVERSION = YES;
				CLANG_WARN_OBJC_IMPLICIT_RETAIN_SELF = YES;
				CLANG_WARN_OBJC_LITERAL_CONVERSION = YES;
				CLANG_WARN_OBJC_ROOT_CLASS = YES_ERROR;
				CLANG_WARN_QUOTED_INCLUDE_IN_FRAMEWORK_HEADER = YES;
				CLANG_WARN_RANGE_LOOP_ANALYSIS = YES;
				CLANG_WARN_STRICT_PROTOTYPES = YES;
				CLANG_WARN_SUSPICIOUS_MOVE = YES;
				CLANG_WARN_UNGUARDED_AVAILABILITY = YES_AGGRESSIVE;
				CLANG_WARN_UNREACHABLE_CODE = YES;
				CLANG_WARN__DUPLICATE_METHOD_MATCH = YES;
				COPY_PHASE_STRIP = NO;
				DEBUG_INFORMATION_FORMAT = "dwarf-with-dsym";
				ENABLE_NS_ASSERTIONS = NO;
				ENABLE_STRICT_OBJC_MSGSEND = YES;
				GCC_C_LANGUAGE_STANDARD = gnu17;
				GCC_NO_COMMON_BLOCKS = YES;
				GCC_WARN_64_TO_32_BIT_CONVERSION = YES;
				GCC_WARN_ABOUT_RETURN_TYPE = YES_ERROR;
				GCC_WARN_UNDECLARED_SELECTOR = YES;
				GCC_WARN_UNINITIALIZED_AUTOS = YES_AGGRESSIVE;
				GCC_WARN_UNUSED_FUNCTION = YES;
				GCC_WARN_UNUSED_VARIABLE = YES;
				IPHONEOS_DEPLOYMENT_TARGET = 15.6;
				MTL_ENABLE_DEBUG_INFO = NO;
				MTL_FAST_MATH = YES;
				SDKROOT = iphoneos;
				SWIFT_COMPILATION_MODE = wholemodule;
				SWIFT_OPTIMIZATION_LEVEL = "-O";
				VALIDATE_PRODUCT = YES;
			};
			name = Release;
		};
		L1000003000000000000001 /* Debug */ = {
			isa = XCBuildConfiguration;
			buildSettings = {
				ASSETCATALOG_COMPILER_APPICON_NAME = AppIcon;
				ASSETCATALOG_COMPILER_GLOBAL_ACCENT_COLOR_NAME = AccentColor;
				CODE_SIGN_STYLE = Manual;
				CODE_SIGN_IDENTITY = "";
				CURRENT_PROJECT_VERSION = 7;
				DEVELOPMENT_TEAM = "";
				ENABLE_PREVIEWS = YES;
				GENERATE_INFOPLIST_FILE = NO;
				INFOPLIST_FILE = "Tycoon Deep Mine/Info.plist";
				INFOPLIST_KEY_UIApplicationSupportsIndirectInputEvents = YES;
				INFOPLIST_KEY_UILaunchScreen_Generation = YES;
				LD_RUNPATH_SEARCH_PATHS = (
					"$(inherited)",
					"@executable_path/Frameworks",
				);
				MARKETING_VERSION = 1.0;
				PRODUCT_BUNDLE_IDENTIFIER = com.tycoondeepmine.tycoondeepmine;
				PRODUCT_NAME = "$(TARGET_NAME)";
				PROVISIONING_PROFILE_SPECIFIER = "";
				SUPPORTED_PLATFORMS = "iphoneos iphonesimulator";
				SUPPORTS_MACCATALYST = NO;
				SUPPORTS_MAC_DESIGNED_FOR_IPHONE_IPAD = NO;
				SUPPORTS_XR_DESIGNED_FOR_IPHONE_IPAD = NO;
				SWIFT_EMIT_LOC_STRINGS = YES;
				SWIFT_VERSION = 5.0;
				TARGETED_DEVICE_FAMILY = 1;
			};
			name = Debug;
		};
		L1000003000000000000002 /* Release */ = {
			isa = XCBuildConfiguration;
			buildSettings = {
				ASSETCATALOG_COMPILER_APPICON_NAME = AppIcon;
				ASSETCATALOG_COMPILER_GLOBAL_ACCENT_COLOR_NAME = AccentColor;
				CODE_SIGN_STYLE = Manual;
				CODE_SIGN_IDENTITY = "";
				CURRENT_PROJECT_VERSION = 7;
				DEVELOPMENT_TEAM = "";
				ENABLE_PREVIEWS = YES;
				GENERATE_INFOPLIST_FILE = NO;
				INFOPLIST_FILE = "Tycoon Deep Mine/Info.plist";
				INFOPLIST_KEY_UIApplicationSupportsIndirectInputEvents = YES;
				INFOPLIST_KEY_UILaunchScreen_Generation = YES;
				LD_RUNPATH_SEARCH_PATHS = (
					"$(inherited)",
					"@executable_path/Frameworks",
				);
				MARKETING_VERSION = 1.0;
				PRODUCT_BUNDLE_IDENTIFIER = com.tycoondeepmine.tycoondeepmine;
				PRODUCT_NAME = "$(TARGET_NAME)";
				PROVISIONING_PROFILE_SPECIFIER = "";
				SUPPORTED_PLATFORMS = "iphoneos iphonesimulator";
				SUPPORTS_MACCATALYST = NO;
				SUPPORTS_MAC_DESIGNED_FOR_IPHONE_IPAD = NO;
				SUPPORTS_XR_DESIGNED_FOR_IPHONE_IPAD = NO;
				SWIFT_EMIT_LOC_STRINGS = YES;
				SWIFT_VERSION = 5.0;
				TARGETED_DEVICE_FAMILY = 1;
			};
			name = Release;
		};
/* End XCBuildConfiguration section */

/* Begin XCConfigurationList section */
		J1000003000000000000001 /* Build configuration list for PBXProject "Tycoon Deep Mine" */ = {
			isa = XCConfigurationList;
			buildConfigurations = (
				K1000003000000000000001 /* Debug */,
				K1000003000000000000002 /* Release */,
			);
			defaultConfigurationIsVisible = 0;
			defaultConfigurationName = Release;
		};
		11000003000000000000001 /* Build configuration list for PBXNativeTarget "Tycoon Deep Mine" */ = {
			isa = XCConfigurationList;
			buildConfigurations = (
				L1000003000000000000001 /* Debug */,
				L1000003000000000000002 /* Release */,
			);
			defaultConfigurationIsVisible = 0;
			defaultConfigurationName = Release;
		};
/* End XCConfigurationList section */
	};
	rootObject = I1000003000000000000001 /* Project object */;
}
